
Microsoft Visual Studio Solution File, Format Version 12.00
# Visual Studio 15
VisualStudioVersion = 15.0.28307.421
MinimumVisualStudioVersion = 10.0.40219.1
Project("{FAE04EC0-301F-11D3-BF4B-00C04F79EFBC}") = "FlipperinoWorderino", "FlipperinoWorderino\FlipperinoWorderino.csproj", "{973BF502-B651-404E-A393-E61D3373E463}"
EndProject
Global
	GlobalSection(SolutionConfigurationPlatforms) = preSolution
		Debug|Any CPU = Debug|Any CPU
		Release|Any CPU = Release|Any CPU
	EndGlobalSection
	GlobalSection(ProjectConfigurationPlatforms) = postSolution
		{973BF502-B651-404E-A393-E61D3373E463}.Debug|Any CPU.ActiveCfg = Debug|Any CPU
		{973BF502-B651-404E-A393-E61D3373E463}.Debug|Any CPU.Build.0 = Debug|Any CPU
		{973BF502-B651-404E-A393-E61D3373E463}.Release|Any CPU.ActiveCfg = Release|Any CPU
		{973BF502-B651-404E-A393-E61D3373E463}.Release|Any CPU.Build.0 = Release|Any CPU
	EndGlobalSection
	GlobalSection(SolutionProperties) = preSolution
		HideSolutionNode = FALSE
	EndGlobalSection
	GlobalSection(ExtensibilityGlobals) = postSolution
		SolutionGuid = {444D56AC-8BFE-417A-B340-6CACBA2B6ACA}
	EndGlobalSection
EndGlobal
